
Microsoft Visual Studio Solution File, Format Version 12.00
# Visual Studio Version 17
VisualStudioVersion = 17.8.34601.278
MinimumVisualStudioVersion = 10.0.40219.1
Project("{9A19103F-16F7-4668-BE54-9A1E7A4F7556}") = "Melo.API", "Melo.API\Melo.API.csproj", "{8880958E-992B-42EC-BA25-170D3628B537}"
EndProject
Project("{FAE04EC0-301F-11D3-BF4B-00C04F79EFBC}") = "Melo.Services", "Melo.Services\Melo.Services.csproj", "{81CFE087-51C5-427A-88BC-E91EA56FE69F}"
EndProject
Project("{FAE04EC0-301F-11D3-BF4B-00C04F79EFBC}") = "Melo.Models", "Melo.Models\Melo.Models.csproj", "{B93729B9-454E-4410-AFBB-0F3701B7E1BF}"
EndProject
Global
	GlobalSection(SolutionConfigurationPlatforms) = preSolution
		Debug|Any CPU = Debug|Any CPU
		Release|Any CPU = Release|Any CPU
	EndGlobalSection
	GlobalSection(ProjectConfigurationPlatforms) = postSolution
		{8880958E-992B-42EC-BA25-170D3628B537}.Debug|Any CPU.ActiveCfg = Debug|Any CPU
		{8880958E-992B-42EC-BA25-170D3628B537}.Debug|Any CPU.Build.0 = Debug|Any CPU
		{8880958E-992B-42EC-BA25-170D3628B537}.Release|Any CPU.ActiveCfg = Release|Any CPU
		{8880958E-992B-42EC-BA25-170D3628B537}.Release|Any CPU.Build.0 = Release|Any CPU
		{81CFE087-51C5-427A-88BC-E91EA56FE69F}.Debug|Any CPU.ActiveCfg = Debug|Any CPU
		{81CFE087-51C5-427A-88BC-E91EA56FE69F}.Debug|Any CPU.Build.0 = Debug|Any CPU
		{81CFE087-51C5-427A-88BC-E91EA56FE69F}.Release|Any CPU.ActiveCfg = Release|Any CPU
		{81CFE087-51C5-427A-88BC-E91EA56FE69F}.Release|Any CPU.Build.0 = Release|Any CPU
		{B93729B9-454E-4410-AFBB-0F3701B7E1BF}.Debug|Any CPU.ActiveCfg = Debug|Any CPU
		{B93729B9-454E-4410-AFBB-0F3701B7E1BF}.Debug|Any CPU.Build.0 = Debug|Any CPU
		{B93729B9-454E-4410-AFBB-0F3701B7E1BF}.Release|Any CPU.ActiveCfg = Release|Any CPU
		{B93729B9-454E-4410-AFBB-0F3701B7E1BF}.Release|Any CPU.Build.0 = Release|Any CPU
	EndGlobalSection
	GlobalSection(SolutionProperties) = preSolution
		HideSolutionNode = FALSE
	EndGlobalSection
	GlobalSection(ExtensibilityGlobals) = postSolution
		SolutionGuid = {B5F97248-1AFB-417A-93A0-09D7FD8EAF93}
	EndGlobalSection
EndGlobal
